
Microsoft Visual Studio Solution File, Format Version 12.00
# Visual Studio Version 17
VisualStudioVersion = 17.5.002.0
MinimumVisualStudioVersion = 10.0.40219.1
Project("{9A19103F-16F7-4668-BE54-9A1E7A4F7556}") = "PrayingTime", "PrayingTime.csproj", "{53E6B554-30A7-45E3-9282-24F523F02B8B}"
EndProject
Global
	GlobalSection(SolutionConfigurationPlatforms) = preSolution
		Debug|Any CPU = Debug|Any CPU
		Release|Any CPU = Release|Any CPU
	EndGlobalSection
	GlobalSection(ProjectConfigurationPlatforms) = postSolution
		{53E6B554-30A7-45E3-9282-24F523F02B8B}.Debug|Any CPU.ActiveCfg = Debug|Any CPU
		{53E6B554-30A7-45E3-9282-24F523F02B8B}.Debug|Any CPU.Build.0 = Debug|Any CPU
		{53E6B554-30A7-45E3-9282-24F523F02B8B}.Release|Any CPU.ActiveCfg = Release|Any CPU
		{53E6B554-30A7-45E3-9282-24F523F02B8B}.Release|Any CPU.Build.0 = Release|Any CPU
	EndGlobalSection
	GlobalSection(SolutionProperties) = preSolution
		HideSolutionNode = FALSE
	EndGlobalSection
	GlobalSection(ExtensibilityGlobals) = postSolution
		SolutionGuid = {5941B1AB-EE23-49B0-87D9-1E75A0439C48}
	EndGlobalSection
EndGlobal
